{
    "compileClasspath": {
        "com.netflix.hollow:hollow": {
            "project": true
        }
    },
    "default": {
        "com.netflix.hollow:hollow": {
            "project": true
        }
    },
    "runtimeClasspath": {
        "com.netflix.hollow:hollow": {
            "project": true
        }
    },
    "testCompileClasspath": {
        "com.netflix.hollow:hollow": {
            "project": true
        },
        "junit:junit": {
            "locked": "4.11",
            "requested": "4.11"
        }
    },
    "testRuntimeClasspath": {
        "com.netflix.hollow:hollow": {
            "project": true
        },
        "junit:junit": {
            "locked": "4.11",
            "requested": "4.11"
        }
    }
}