{
    "compileClasspath": {
        "com.netflix.hollow:hollow": {
            "project": true
        },
        "org.openjdk.jmh:jmh-core": {
            "locked": "1.21"
        },
        "org.openjdk.jmh:jmh-generator-annprocess": {
            "locked": "1.21"
        }
    },
    "jmh": {
        "org.openjdk.jmh:jmh-core": {
            "locked": "1.25"
        },
        "org.openjdk.jmh:jmh-generator-bytecode": {
            "locked": "1.25"
        }
    },
    "jmhCompileClasspath": {
        "com.netflix.hollow:hollow": {
            "project": true
        },
        "org.openjdk.jmh:jmh-core": {
            "locked": "1.25"
        },
        "org.openjdk.jmh:jmh-generator-annprocess": {
            "locked": "1.21"
        },
        "org.openjdk.jmh:jmh-generator-bytecode": {
            "locked": "1.25"
        }
    },
    "jmhRuntimeClasspath": {
        "com.gradle:develocity-testing-annotations": {
            "locked": "2.0"
        },
        "com.gradle:gradle-enterprise-testing-annotations": {
            "locked": "1.0"
        },
        "com.netflix.hollow:hollow": {
            "project": true
        },
        "org.junit.platform:junit-platform-launcher": {
            "locked": "1.10.0"
        },
        "org.openjdk.jmh:jmh-core": {
            "locked": "1.25"
        },
        "org.openjdk.jmh:jmh-generator-bytecode": {
            "locked": "1.25"
        }
    },
    "runtimeClasspath": {
        "com.netflix.hollow:hollow": {
            "project": true
        },
        "org.openjdk.jmh:jmh-core": {
            "locked": "1.21"
        }
    },
    "testCompileClasspath": {
        "com.gradle:develocity-testing-annotations": {
            "locked": "2.0"
        },
        "com.gradle:gradle-enterprise-testing-annotations": {
            "locked": "1.0"
        },
        "com.netflix.hollow:hollow": {
            "project": true
        },
        "org.openjdk.jmh:jmh-core": {
            "locked": "1.21"
        }
    },
    "testRuntimeClasspath": {
        "com.gradle:develocity-testing-annotations": {
            "locked": "2.0"
        },
        "com.gradle:gradle-enterprise-testing-annotations": {
            "locked": "1.0"
        },
        "com.netflix.hollow:hollow": {
            "project": true
        },
        "org.junit.platform:junit-platform-launcher": {
            "locked": "1.10.0"
        },
        "org.openjdk.jmh:jmh-core": {
            "locked": "1.21"
        }
    }
}