{
    "compile": {
        "com.netflix.hollow:hollow": {
            "project": true
        },
        "org.openjdk.jmh:jmh-core": {
            "locked": "1.21",
            "requested": "1.21"
        }
    },
    "compileClasspath": {
        "com.netflix.hollow:hollow": {
            "project": true
        },
        "org.openjdk.jmh:jmh-core": {
            "locked": "1.21",
            "requested": "1.21"
        },
        "org.openjdk.jmh:jmh-generator-annprocess": {
            "locked": "1.21",
            "requested": "1.21"
        }
    },
    "compileOnly": {
        "org.openjdk.jmh:jmh-generator-annprocess": {
            "locked": "1.21",
            "requested": "1.21"
        }
    },
    "default": {
        "com.netflix.hollow:hollow": {
            "project": true
        },
        "org.openjdk.jmh:jmh-core": {
            "locked": "1.21",
            "requested": "1.21"
        }
    },
    "jmh": {
        "org.openjdk.jmh:jmh-core": {
            "locked": "1.21"
        },
        "org.openjdk.jmh:jmh-generator-bytecode": {
            "locked": "1.21"
        }
    },
    "jmhRuntime": {
        "com.netflix.hollow:hollow": {
            "project": true
        },
        "org.openjdk.jmh:jmh-core": {
            "locked": "1.21",
            "requested": "1.21"
        }
    },
    "jmhRuntimeClasspath": {
        "com.netflix.hollow:hollow": {
            "project": true
        },
        "org.openjdk.jmh:jmh-core": {
            "locked": "1.21",
            "requested": "1.21"
        }
    },
    "runtime": {
        "com.netflix.hollow:hollow": {
            "project": true
        },
        "org.openjdk.jmh:jmh-core": {
            "locked": "1.21",
            "requested": "1.21"
        }
    },
    "runtimeClasspath": {
        "com.netflix.hollow:hollow": {
            "project": true
        },
        "org.openjdk.jmh:jmh-core": {
            "locked": "1.21",
            "requested": "1.21"
        }
    },
    "testCompile": {
        "com.netflix.hollow:hollow": {
            "project": true
        },
        "org.openjdk.jmh:jmh-core": {
            "locked": "1.21",
            "requested": "1.21"
        }
    },
    "testCompileClasspath": {
        "com.netflix.hollow:hollow": {
            "project": true
        },
        "org.openjdk.jmh:jmh-core": {
            "locked": "1.21",
            "requested": "1.21"
        }
    },
    "testRuntime": {
        "com.netflix.hollow:hollow": {
            "project": true
        },
        "org.openjdk.jmh:jmh-core": {
            "locked": "1.21",
            "requested": "1.21"
        }
    },
    "testRuntimeClasspath": {
        "com.netflix.hollow:hollow": {
            "project": true
        },
        "org.openjdk.jmh:jmh-core": {
            "locked": "1.21",
            "requested": "1.21"
        }
    }
}