{
    "resolutionRules": {
        "com.netflix.nebula:gradle-resolution-rules": {
            "locked": "0.50.1",
            "requested": "latest.release"
        },
        "netflix.nebula.resolutionrules:resolution-rules": {
            "locked": "0.54.1",
            "requested": "latest.release"
        }
    }
}