{
    "nebulaRecommenderBom": {
        "netflix:runtime-platform-recommendations": {
            "locked": "4.5.62",
            "requested": "latest.release"
        }
    },
    "resolutionRules": {
        "com.netflix.nebula:gradle-resolution-rules": {
            "locked": "0.55.0",
            "requested": "latest.release"
        },
        "netflix.nebula.resolutionrules:resolution-rules": {
            "locked": "0.105.1",
            "requested": "latest.release"
        }
    }
}