{
    "resolutionRules": {
        "com.netflix.nebula:gradle-resolution-rules": {
            "locked": "0.37.0",
            "requested": "latest.release"
        },
        "netflix.nebula.resolutionrules:resolution-rules": {
            "locked": "0.20.0",
            "requested": "latest.release"
        }
    }
}