{
    "testCompileClasspath": {
        "com.github.spotbugs:spotbugs": {
            "locked": "4.8.6"
        },
        "com.netflix.hollow:hollow-test": {
            "project": true
        },
        "junit:junit": {
            "locked": "4.11"
        },
        "net.bytebuddy:byte-buddy": {
            "locked": "1.14.18"
        },
        "net.bytebuddy:byte-buddy-agent": {
            "locked": "1.14.18"
        },
        "org.assertj:assertj-core": {
            "locked": "3.15.0"
        },
        "org.mockito:mockito-core": {
            "locked": "4.11.0"
        }
    },
    "testRuntimeClasspath": {
        "com.github.spotbugs:spotbugs": {
            "locked": "4.8.6"
        },
        "com.netflix.hollow:hollow": {
            "firstLevelTransitive": [
                "com.netflix.hollow:hollow-test"
            ],
            "project": true
        },
        "com.netflix.hollow:hollow-test": {
            "project": true
        },
        "junit:junit": {
            "locked": "4.11"
        },
        "net.bytebuddy:byte-buddy": {
            "locked": "1.14.18"
        },
        "net.bytebuddy:byte-buddy-agent": {
            "locked": "1.14.18"
        },
        "org.assertj:assertj-core": {
            "locked": "3.15.0"
        },
        "org.mockito:mockito-core": {
            "locked": "4.11.0"
        }
    }
}
