{
    "checkstyle": {
        "com.puppycrawl.tools:checkstyle": {
            "locked": "8.45.1"
        }
    },
    "testCompileClasspath": {
        "com.github.spotbugs:spotbugs": {
            "locked": "4.2.1"
        },
        "com.netflix.hollow:hollow-test": {
            "project": true
        },
        "junit:junit": {
            "locked": "4.11"
        },
        "org.assertj:assertj-core": {
            "locked": "3.15.0"
        },
        "org.mockito:mockito-core": {
            "locked": "2.15.0"
        }
    },
    "testRuntimeClasspath": {
        "com.github.spotbugs:spotbugs": {
            "locked": "4.2.1"
        },
        "com.netflix.hollow:hollow": {
            "firstLevelTransitive": [
                "com.netflix.hollow:hollow-test"
            ],
            "project": true
        },
        "com.netflix.hollow:hollow-test": {
            "project": true
        },
        "junit:junit": {
            "locked": "4.11"
        },
        "org.assertj:assertj-core": {
            "locked": "3.15.0"
        },
        "org.mockito:mockito-core": {
            "locked": "2.15.0"
        }
    }
}