{
    "compileClasspath": {
        "com.fasterxml.jackson.core:jackson-core": {
            "locked": "2.4.3",
            "requested": "2.4.3"
        },
        "com.fasterxml.jackson.core:jackson-databind": {
            "locked": "2.4.3",
            "requested": "2.4.3"
        },
        "com.netflix.hollow:hollow": {
            "project": true
        },
        "commons-io:commons-io": {
            "locked": "2.6",
            "requested": "2.6"
        },
        "commons-lang:commons-lang": {
            "locked": "2.6",
            "requested": "latest.release"
        }
    },
    "default": {
        "com.fasterxml.jackson.core:jackson-core": {
            "locked": "2.4.3",
            "requested": "2.4.3"
        },
        "com.fasterxml.jackson.core:jackson-databind": {
            "locked": "2.4.3",
            "requested": "2.4.3"
        },
        "com.netflix.hollow:hollow": {
            "project": true
        },
        "commons-io:commons-io": {
            "locked": "2.6",
            "requested": "2.6"
        },
        "commons-lang:commons-lang": {
            "locked": "2.6",
            "requested": "latest.release"
        }
    },
    "runtimeClasspath": {
        "com.fasterxml.jackson.core:jackson-core": {
            "locked": "2.4.3",
            "requested": "2.4.3"
        },
        "com.fasterxml.jackson.core:jackson-databind": {
            "locked": "2.4.3",
            "requested": "2.4.3"
        },
        "com.netflix.hollow:hollow": {
            "project": true
        },
        "commons-io:commons-io": {
            "locked": "2.6",
            "requested": "2.6"
        },
        "commons-lang:commons-lang": {
            "locked": "2.6",
            "requested": "latest.release"
        }
    },
    "testCompileClasspath": {
        "com.fasterxml.jackson.core:jackson-core": {
            "locked": "2.4.3",
            "requested": "2.4.3"
        },
        "com.fasterxml.jackson.core:jackson-databind": {
            "locked": "2.4.3",
            "requested": "2.4.3"
        },
        "com.netflix.hollow:hollow": {
            "project": true
        },
        "commons-io:commons-io": {
            "locked": "2.6",
            "requested": "2.6"
        },
        "commons-lang:commons-lang": {
            "locked": "2.6",
            "requested": "latest.release"
        },
        "junit:junit": {
            "locked": "4.11",
            "requested": "4.11"
        }
    },
    "testRuntimeClasspath": {
        "com.fasterxml.jackson.core:jackson-core": {
            "locked": "2.4.3",
            "requested": "2.4.3"
        },
        "com.fasterxml.jackson.core:jackson-databind": {
            "locked": "2.4.3",
            "requested": "2.4.3"
        },
        "com.netflix.hollow:hollow": {
            "project": true
        },
        "commons-io:commons-io": {
            "locked": "2.6",
            "requested": "2.6"
        },
        "commons-lang:commons-lang": {
            "locked": "2.6",
            "requested": "latest.release"
        },
        "junit:junit": {
            "locked": "4.11",
            "requested": "4.11"
        }
    }
}