{
    "compileClasspath": {
        "com.google.code.gson:gson": {
            "locked": "2.10.1"
        },
        "com.netflix.hollow:hollow": {
            "project": true
        },
        "commons-io:commons-io": {
            "locked": "2.11.0"
        },
        "javax.servlet:javax.servlet-api": {
            "locked": "4.0.1"
        },
        "org.apache.commons:commons-text": {
            "locked": "1.10.0"
        },
        "org.apache.velocity:velocity-engine-core": {
            "locked": "2.3"
        }
    },
    "runtimeClasspath": {
        "com.google.code.gson:gson": {
            "locked": "2.10.1"
        },
        "com.netflix.hollow:hollow": {
            "project": true
        },
        "commons-io:commons-io": {
            "locked": "2.11.0"
        },
        "javax.servlet:javax.servlet-api": {
            "locked": "4.0.1"
        },
        "org.apache.commons:commons-text": {
            "locked": "1.10.0"
        },
        "org.apache.velocity:velocity-engine-core": {
            "locked": "2.3"
        }
    },
    "testCompileClasspath": {
        "com.google.code.gson:gson": {
            "locked": "2.10.1"
        },
        "com.gradle:develocity-testing-annotations": {
            "locked": "2.0"
        },
        "com.gradle:gradle-enterprise-testing-annotations": {
            "locked": "1.0"
        },
        "com.netflix.hollow:hollow": {
            "project": true
        },
        "commons-io:commons-io": {
            "locked": "2.11.0"
        },
        "javax.servlet:javax.servlet-api": {
            "locked": "4.0.1"
        },
        "junit:junit": {
            "locked": "4.11"
        },
        "org.apache.commons:commons-text": {
            "locked": "1.10.0"
        },
        "org.apache.velocity:velocity-engine-core": {
            "locked": "2.3"
        }
    },
    "testRuntimeClasspath": {
        "com.google.code.gson:gson": {
            "locked": "2.10.1"
        },
        "com.gradle:develocity-testing-annotations": {
            "locked": "2.0"
        },
        "com.gradle:gradle-enterprise-testing-annotations": {
            "locked": "1.0"
        },
        "com.netflix.hollow:hollow": {
            "project": true
        },
        "commons-io:commons-io": {
            "locked": "2.11.0"
        },
        "javax.servlet:javax.servlet-api": {
            "locked": "4.0.1"
        },
        "junit:junit": {
            "locked": "4.11"
        },
        "org.apache.commons:commons-text": {
            "locked": "1.10.0"
        },
        "org.apache.velocity:velocity-engine-core": {
            "locked": "2.3"
        },
        "org.junit.platform:junit-platform-launcher": {
            "locked": "1.10.0"
        }
    },
    "toolsCompileClasspath": {
        "com.google.code.gson:gson": {
            "locked": "2.10.1"
        },
        "com.gradle:develocity-testing-annotations": {
            "locked": "2.0"
        },
        "com.gradle:gradle-enterprise-testing-annotations": {
            "locked": "1.0"
        },
        "com.netflix.hollow:hollow": {
            "project": true
        },
        "commons-io:commons-io": {
            "locked": "2.11.0"
        },
        "javax.servlet:javax.servlet-api": {
            "locked": "4.0.1"
        },
        "junit:junit": {
            "locked": "4.11"
        },
        "org.apache.commons:commons-text": {
            "locked": "1.10.0"
        },
        "org.apache.velocity:velocity-engine-core": {
            "locked": "2.3"
        }
    },
    "toolsRuntimeClasspath": {
        "com.google.code.gson:gson": {
            "locked": "2.10.1"
        },
        "com.gradle:develocity-testing-annotations": {
            "locked": "2.0"
        },
        "com.gradle:gradle-enterprise-testing-annotations": {
            "locked": "1.0"
        },
        "com.netflix.hollow:hollow": {
            "project": true
        },
        "commons-io:commons-io": {
            "locked": "2.11.0"
        },
        "javax.servlet:javax.servlet-api": {
            "locked": "4.0.1"
        },
        "junit:junit": {
            "locked": "4.11"
        },
        "org.apache.commons:commons-text": {
            "locked": "1.10.0"
        },
        "org.apache.velocity:velocity-engine-core": {
            "locked": "2.3"
        },
        "org.junit.platform:junit-platform-launcher": {
            "locked": "1.10.0"
        }
    }
}