{
    "compileClasspath": {
        "com.netflix.hollow:hollow": {
            "firstLevelTransitive": [
                "com.netflix.hollow:hollow-ui-tools"
            ],
            "project": true
        },
        "com.netflix.hollow:hollow-ui-tools": {
            "project": true
        },
        "jakarta.servlet:jakarta.servlet-api": {
            "locked": "5.0.0"
        },
        "org.apache.velocity:velocity-engine-core": {
            "firstLevelTransitive": [
                "com.netflix.hollow:hollow-ui-tools"
            ],
            "locked": "2.3"
        }
    },
    "runtimeClasspath": {
        "com.google.code.gson:gson": {
            "firstLevelTransitive": [
                "com.netflix.hollow:hollow-ui-tools"
            ],
            "locked": "2.10.1"
        },
        "com.netflix.hollow:hollow": {
            "firstLevelTransitive": [
                "com.netflix.hollow:hollow-ui-tools"
            ],
            "project": true
        },
        "com.netflix.hollow:hollow-ui-tools": {
            "project": true
        },
        "commons-io:commons-io": {
            "firstLevelTransitive": [
                "com.netflix.hollow:hollow-ui-tools"
            ],
            "locked": "2.11.0"
        },
        "jakarta.servlet:jakarta.servlet-api": {
            "firstLevelTransitive": [
                "com.netflix.hollow:hollow-ui-tools"
            ],
            "locked": "5.0.0"
        },
        "org.apache.commons:commons-text": {
            "firstLevelTransitive": [
                "com.netflix.hollow:hollow-ui-tools"
            ],
            "locked": "1.10.0"
        },
        "org.apache.velocity:velocity-engine-core": {
            "firstLevelTransitive": [
                "com.netflix.hollow:hollow-ui-tools"
            ],
            "locked": "2.3"
        }
    },
    "testCompileClasspath": {
        "com.netflix.hollow:hollow": {
            "firstLevelTransitive": [
                "com.netflix.hollow:hollow-ui-tools"
            ],
            "project": true
        },
        "com.netflix.hollow:hollow-ui-tools": {
            "project": true
        },
        "jakarta.servlet:jakarta.servlet-api": {
            "locked": "5.0.0"
        },
        "junit:junit": {
            "locked": "4.11"
        },
        "org.apache.velocity:velocity-engine-core": {
            "firstLevelTransitive": [
                "com.netflix.hollow:hollow-ui-tools"
            ],
            "locked": "2.3"
        }
    },
    "testRuntimeClasspath": {
        "com.google.code.gson:gson": {
            "firstLevelTransitive": [
                "com.netflix.hollow:hollow-ui-tools"
            ],
            "locked": "2.10.1"
        },
        "com.netflix.hollow:hollow": {
            "firstLevelTransitive": [
                "com.netflix.hollow:hollow-ui-tools"
            ],
            "project": true
        },
        "com.netflix.hollow:hollow-ui-tools": {
            "project": true
        },
        "commons-io:commons-io": {
            "firstLevelTransitive": [
                "com.netflix.hollow:hollow-ui-tools"
            ],
            "locked": "2.11.0"
        },
        "jakarta.servlet:jakarta.servlet-api": {
            "firstLevelTransitive": [
                "com.netflix.hollow:hollow-ui-tools"
            ],
            "locked": "5.0.0"
        },
        "junit:junit": {
            "locked": "4.11"
        },
        "org.apache.commons:commons-text": {
            "firstLevelTransitive": [
                "com.netflix.hollow:hollow-ui-tools"
            ],
            "locked": "1.10.0"
        },
        "org.apache.velocity:velocity-engine-core": {
            "firstLevelTransitive": [
                "com.netflix.hollow:hollow-ui-tools"
            ],
            "locked": "2.3"
        }
    },
    "toolsCompileClasspath": {
        "com.netflix.hollow:hollow": {
            "firstLevelTransitive": [
                "com.netflix.hollow:hollow-ui-tools"
            ],
            "project": true
        },
        "com.netflix.hollow:hollow-ui-tools": {
            "project": true
        },
        "jakarta.servlet:jakarta.servlet-api": {
            "locked": "5.0.0"
        },
        "junit:junit": {
            "locked": "4.11"
        },
        "org.apache.velocity:velocity-engine-core": {
            "firstLevelTransitive": [
                "com.netflix.hollow:hollow-ui-tools"
            ],
            "locked": "2.3"
        }
    },
    "toolsRuntimeClasspath": {
        "com.google.code.gson:gson": {
            "firstLevelTransitive": [
                "com.netflix.hollow:hollow-ui-tools"
            ],
            "locked": "2.10.1"
        },
        "com.netflix.hollow:hollow": {
            "firstLevelTransitive": [
                "com.netflix.hollow:hollow-ui-tools"
            ],
            "project": true
        },
        "com.netflix.hollow:hollow-ui-tools": {
            "project": true
        },
        "commons-io:commons-io": {
            "firstLevelTransitive": [
                "com.netflix.hollow:hollow-ui-tools"
            ],
            "locked": "2.11.0"
        },
        "jakarta.servlet:jakarta.servlet-api": {
            "firstLevelTransitive": [
                "com.netflix.hollow:hollow-ui-tools"
            ],
            "locked": "5.0.0"
        },
        "junit:junit": {
            "locked": "4.11"
        },
        "org.apache.commons:commons-text": {
            "firstLevelTransitive": [
                "com.netflix.hollow:hollow-ui-tools"
            ],
            "locked": "1.10.0"
        },
        "org.apache.velocity:velocity-engine-core": {
            "firstLevelTransitive": [
                "com.netflix.hollow:hollow-ui-tools"
            ],
            "locked": "2.3"
        }
    }
}