{
    "compileClasspath": {
        "com.google.protobuf:protobuf-java": {
            "locked": "3.25.8"
        },
        "com.netflix.hollow:hollow": {
            "project": true
        }
    },
    "protobufIncludes": {
        "com.google.protobuf:protobuf-java": {
            "locked": "3.25.8"
        }
    },
    "protocBinary": {
        "com.google.protobuf:protoc": {
            "locked": "3.25.8"
        }
    },
    "runtimeClasspath": {
        "com.google.protobuf:protobuf-java": {
            "locked": "3.25.8"
        },
        "com.netflix.hollow:hollow": {
            "project": true
        }
    },
    "testCompileClasspath": {
        "com.google.protobuf:protobuf-java": {
            "locked": "3.25.8"
        },
        "com.google.protobuf:protobuf-java-util": {
            "locked": "3.25.8"
        },
        "com.netflix.hollow:hollow": {
            "project": true
        },
        "junit:junit": {
            "locked": "4.11"
        }
    },
    "testRuntimeClasspath": {
        "com.google.protobuf:protobuf-java": {
            "locked": "3.25.8"
        },
        "com.google.protobuf:protobuf-java-util": {
            "locked": "3.25.8"
        },
        "com.netflix.hollow:hollow": {
            "project": true
        },
        "junit:junit": {
            "locked": "4.11"
        }
    }
}