{
    "compileClasspath": {
        "com.netflix.hollow:hollow": {
            "project": true
        },
        "com.netflix.zeno:netflix-zeno": {
            "locked": "2.22.3"
        }
    },
    "runtimeClasspath": {
        "com.netflix.hollow:hollow": {
            "project": true
        },
        "com.netflix.zeno:netflix-zeno": {
            "locked": "2.22.3"
        },
        "org.slf4j:jul-to-slf4j": {
            "firstLevelTransitive": [
                "com.netflix.hollow:hollow"
            ],
            "locked": "2.0.9"
        }
    },
    "testCompileClasspath": {
        "com.netflix.hollow:hollow": {
            "project": true
        },
        "com.netflix.zeno:netflix-zeno": {
            "locked": "2.22.3"
        },
        "junit:junit": {
            "locked": "4.11"
        }
    },
    "testRuntimeClasspath": {
        "com.netflix.hollow:hollow": {
            "project": true
        },
        "com.netflix.zeno:netflix-zeno": {
            "locked": "2.22.3"
        },
        "junit:junit": {
            "locked": "4.11"
        },
        "org.slf4j:jul-to-slf4j": {
            "firstLevelTransitive": [
                "com.netflix.hollow:hollow"
            ],
            "locked": "2.0.9"
        }
    }
}